
Microsoft Visual Studio Solution File, Format Version 12.00
# Visual Studio Version 16
VisualStudioVersion = 16.0.30804.86
MinimumVisualStudioVersion = 10.0.40219.1
Project("{FAE04EC0-301F-11D3-BF4B-00C04F79EFBC}") = "Detoneitor.Planejeitor", "Planejeitor\Detoneitor.Planejeitor.csproj", "{CEFEE790-A4B5-450E-9B2E-334FFADEDE2F}"
EndProject
Project("{FAE04EC0-301F-11D3-BF4B-00C04F79EFBC}") = "Detoneitor.Executeitor", "Detoneitor.Executeitor\Detoneitor.Executeitor.csproj", "{162CC523-7B55-467A-958C-CF41D1B71E25}"
EndProject
Project("{FAE04EC0-301F-11D3-BF4B-00C04F79EFBC}") = "Detoneitor_Aplicativo", "Detoneitor.Aplicativo\Detoneitor_Aplicativo.csproj", "{FAA1A60D-7A42-4E62-A942-AFF7F10F1858}"
EndProject
Global
	GlobalSection(SolutionConfigurationPlatforms) = preSolution
		Debug|Any CPU = Debug|Any CPU
		Release|Any CPU = Release|Any CPU
	EndGlobalSection
	GlobalSection(ProjectConfigurationPlatforms) = postSolution
		{CEFEE790-A4B5-450E-9B2E-334FFADEDE2F}.Debug|Any CPU.ActiveCfg = Debug|Any CPU
		{CEFEE790-A4B5-450E-9B2E-334FFADEDE2F}.Debug|Any CPU.Build.0 = Debug|Any CPU
		{CEFEE790-A4B5-450E-9B2E-334FFADEDE2F}.Release|Any CPU.ActiveCfg = Release|Any CPU
		{CEFEE790-A4B5-450E-9B2E-334FFADEDE2F}.Release|Any CPU.Build.0 = Release|Any CPU
		{162CC523-7B55-467A-958C-CF41D1B71E25}.Debug|Any CPU.ActiveCfg = Debug|Any CPU
		{162CC523-7B55-467A-958C-CF41D1B71E25}.Debug|Any CPU.Build.0 = Debug|Any CPU
		{162CC523-7B55-467A-958C-CF41D1B71E25}.Release|Any CPU.ActiveCfg = Release|Any CPU
		{162CC523-7B55-467A-958C-CF41D1B71E25}.Release|Any CPU.Build.0 = Release|Any CPU
		{FAA1A60D-7A42-4E62-A942-AFF7F10F1858}.Debug|Any CPU.ActiveCfg = Debug|Any CPU
		{FAA1A60D-7A42-4E62-A942-AFF7F10F1858}.Debug|Any CPU.Build.0 = Debug|Any CPU
		{FAA1A60D-7A42-4E62-A942-AFF7F10F1858}.Release|Any CPU.ActiveCfg = Release|Any CPU
		{FAA1A60D-7A42-4E62-A942-AFF7F10F1858}.Release|Any CPU.Build.0 = Release|Any CPU
	EndGlobalSection
	GlobalSection(SolutionProperties) = preSolution
		HideSolutionNode = FALSE
	EndGlobalSection
	GlobalSection(ExtensibilityGlobals) = postSolution
		SolutionGuid = {D63869D5-3D27-4A26-8963-061CC3892173}
	EndGlobalSection
EndGlobal
